
Microsoft Visual Studio Solution File, Format Version 12.00
# Visual Studio Version 17
VisualStudioVersion = 17.5.002.0
MinimumVisualStudioVersion = 10.0.40219.1
Project("{9A19103F-16F7-4668-BE54-9A1E7A4F7556}") = "Exerc-cio-MilhasBumerangue", "Exerc-cio-MilhasBumerangue.csproj", "{0304E5FB-7CCD-4932-99C1-3C3A24FE4AC1}"
EndProject
Global
	GlobalSection(SolutionConfigurationPlatforms) = preSolution
		Debug|Any CPU = Debug|Any CPU
		Release|Any CPU = Release|Any CPU
	EndGlobalSection
	GlobalSection(ProjectConfigurationPlatforms) = postSolution
		{0304E5FB-7CCD-4932-99C1-3C3A24FE4AC1}.Debug|Any CPU.ActiveCfg = Debug|Any CPU
		{0304E5FB-7CCD-4932-99C1-3C3A24FE4AC1}.Debug|Any CPU.Build.0 = Debug|Any CPU
		{0304E5FB-7CCD-4932-99C1-3C3A24FE4AC1}.Release|Any CPU.ActiveCfg = Release|Any CPU
		{0304E5FB-7CCD-4932-99C1-3C3A24FE4AC1}.Release|Any CPU.Build.0 = Release|Any CPU
	EndGlobalSection
	GlobalSection(SolutionProperties) = preSolution
		HideSolutionNode = FALSE
	EndGlobalSection
	GlobalSection(ExtensibilityGlobals) = postSolution
		SolutionGuid = {9557181A-07E4-4910-BA3C-BA26B292DCB1}
	EndGlobalSection
EndGlobal
